// !$*UTF8*$!
{
	archiveVersion = 1;
	classes = {
	};
	objectVersion = 55;
	objects = {

/* Begin PBXBuildFile section */
		FED5FEA0281867120073C991 /* AppDelegate.swift in Sources */ = {isa = PBXBuildFile; fileRef = FED5FE9F281867120073C991 /* AppDelegate.swift */; };
		FED5FEA2281867120073C991 /* SceneDelegate.swift in Sources */ = {isa = PBXBuildFile; fileRef = FED5FEA1281867120073C991 /* SceneDelegate.swift */; };
		FED5FEA7281867120073C991 /* Main.storyboard in Resources */ = {isa = PBXBuildFile; fileRef = FED5FEA5281867120073C991 /* Main.storyboard */; };
		FED5FEA9281867130073C991 /* Assets.xcassets in Resources */ = {isa = PBXBuildFile; fileRef = FED5FEA8281867130073C991 /* Assets.xcassets */; };
		FED5FEAC281867130073C991 /* LaunchScreen.storyboard in Resources */ = {isa = PBXBuildFile; fileRef = FED5FEAA281867130073C991 /* LaunchScreen.storyboard */; };
		FED5FEB4281869AA0073C991 /* Models.swift in Sources */ = {isa = PBXBuildFile; fileRef = FED5FEB3281869AA0073C991 /* Models.swift */; };
		FED5FEBB281871ED0073C991 /* ContactsListViewController.swift in Sources */ = {isa = PBXBuildFile; fileRef = FED5FEBA281871ED0073C991 /* ContactsListViewController.swift */; };
		FED5FEBD281877BC0073C991 /* ContactInfoViewController.swift in Sources */ = {isa = PBXBuildFile; fileRef = FED5FEBC281877BC0073C991 /* ContactInfoViewController.swift */; };
		FED5FEBF28187BC40073C991 /* ContactsTableViewController.swift in Sources */ = {isa = PBXBuildFile; fileRef = FED5FEBE28187BC40073C991 /* ContactsTableViewController.swift */; };
		FED5FEC128187F040073C991 /* TabBarViewController.swift in Sources */ = {isa = PBXBuildFile; fileRef = FED5FEC028187F040073C991 /* TabBarViewController.swift */; };
/* End PBXBuildFile section */

/* Begin PBXFileReference section */
		FED5FE9C281867120073C991 /* ContactsList.app */ = {isa = PBXFileReference; explicitFileType = wrapper.application; includeInIndex = 0; path = ContactsList.app; sourceTree = BUILT_PRODUCTS_DIR; };
		FED5FE9F281867120073C991 /* AppDelegate.swift */ = {isa = PBXFileReference; lastKnownFileType = sourcecode.swift; path = AppDelegate.swift; sourceTree = "<group>"; };
		FED5FEA1281867120073C991 /* SceneDelegate.swift */ = {isa = PBXFileReference; lastKnownFileType = sourcecode.swift; path = SceneDelegate.swift; sourceTree = "<group>"; };
		FED5FEA6281867120073C991 /* Base */ = {isa = PBXFileReference; lastKnownFileType = file.storyboard; name = Base; path = Base.lproj/Main.storyboard; sourceTree = "<group>"; };
		FED5FEA8281867130073C991 /* Assets.xcassets */ = {isa = PBXFileReference; lastKnownFileType = folder.assetcatalog; path = Assets.xcassets; sourceTree = "<group>"; };
		FED5FEAB281867130073C991 /* Base */ = {isa = PBXFileReference; lastKnownFileType = file.storyboard; name = Base; path = Base.lproj/LaunchScreen.storyboard; sourceTree = "<group>"; };
		FED5FEAD281867130073C991 /* Info.plist */ = {isa = PBXFileReference; lastKnownFileType = text.plist.xml; path = Info.plist; sourceTree = "<group>"; };
		FED5FEB3281869AA0073C991 /* Models.swift */ = {isa = PBXFileReference; lastKnownFileType = sourcecode.swift; path = Models.swift; sourceTree = "<group>"; };
		FED5FEBA281871ED0073C991 /* ContactsListViewController.swift */ = {isa = PBXFileReference; lastKnownFileType = sourcecode.swift; path = ContactsListViewController.swift; sourceTree = "<group>"; };
		FED5FEBC281877BC0073C991 /* ContactInfoViewController.swift */ = {isa = PBXFileReference; lastKnownFileType = sourcecode.swift; path = ContactInfoViewController.swift; sourceTree = "<group>"; };
		FED5FEBE28187BC40073C991 /* ContactsTableViewController.swift */ = {isa = PBXFileReference; lastKnownFileType = sourcecode.swift; path = ContactsTableViewController.swift; sourceTree = "<group>"; };
		FED5FEC028187F040073C991 /* TabBarViewController.swift */ = {isa = PBXFileReference; lastKnownFileType = sourcecode.swift; path = TabBarViewController.swift; sourceTree = "<group>"; };
/* End PBXFileReference section */

/* Begin PBXFrameworksBuildPhase section */
		FED5FE99281867110073C991 /* Frameworks */ = {
			isa = PBXFrameworksBuildPhase;
			buildActionMask = 2147483647;
			files = (
			);
			runOnlyForDeploymentPostprocessing = 0;
		};
/* End PBXFrameworksBuildPhase section */

/* Begin PBXGroup section */
		FED5FE93281867110073C991 = {
			isa = PBXGroup;
			children = (
				FED5FE9E281867120073C991 /* ContactsList */,
				FED5FE9D281867120073C991 /* Products */,
			);
			sourceTree = "<group>";
		};
		FED5FE9D281867120073C991 /* Products */ = {
			isa = PBXGroup;
			children = (
				FED5FE9C281867120073C991 /* ContactsList.app */,
			);
			name = Products;
			sourceTree = "<group>";
		};
		FED5FE9E281867120073C991 /* ContactsList */ = {
			isa = PBXGroup;
			children = (
				FED5FEB92818719F0073C991 /* ViewControllers */,
				FED5FEB5281871680073C991 /* Models */,
				FED5FEB82818718E0073C991 /* App */,
				FED5FEB6281871760073C991 /* Storyboards */,
				FED5FEB7281871810073C991 /* Assets */,
				FED5FEAD281867130073C991 /* Info.plist */,
			);
			path = ContactsList;
			sourceTree = "<group>";
		};
		FED5FEB5281871680073C991 /* Models */ = {
			isa = PBXGroup;
			children = (
				FED5FEB3281869AA0073C991 /* Models.swift */,
			);
			path = Models;
			sourceTree = "<group>";
		};
		FED5FEB6281871760073C991 /* Storyboards */ = {
			isa = PBXGroup;
			children = (
				FED5FEA5281867120073C991 /* Main.storyboard */,
				FED5FEAA281867130073C991 /* LaunchScreen.storyboard */,
			);
			path = Storyboards;
			sourceTree = "<group>";
		};
		FED5FEB7281871810073C991 /* Assets */ = {
			isa = PBXGroup;
			children = (
				FED5FEA8281867130073C991 /* Assets.xcassets */,
			);
			path = Assets;
			sourceTree = "<group>";
		};
		FED5FEB82818718E0073C991 /* App */ = {
			isa = PBXGroup;
			children = (
				FED5FE9F281867120073C991 /* AppDelegate.swift */,
				FED5FEA1281867120073C991 /* SceneDelegate.swift */,
			);
			path = App;
			sourceTree = "<group>";
		};
		FED5FEB92818719F0073C991 /* ViewControllers */ = {
			isa = PBXGroup;
			children = (
				FED5FEBA281871ED0073C991 /* ContactsListViewController.swift */,
				FED5FEBC281877BC0073C991 /* ContactInfoViewController.swift */,
				FED5FEBE28187BC40073C991 /* ContactsTableViewController.swift */,
				FED5FEC028187F040073C991 /* TabBarViewController.swift */,
			);
			path = ViewControllers;
			sourceTree = "<group>";
		};
/* End PBXGroup section */

/* Begin PBXNativeTarget section */
		FED5FE9B281867110073C991 /* ContactsList */ = {
			isa = PBXNativeTarget;
			buildConfigurationList = FED5FEB0281867130073C991 /* Build configuration list for PBXNativeTarget "ContactsList" */;
			buildPhases = (
				FED5FE98281867110073C991 /* Sources */,
				FED5FE99281867110073C991 /* Frameworks */,
				FED5FE9A281867110073C991 /* Resources */,
			);
			buildRules = (
			);
			dependencies = (
			);
			name = ContactsList;
			productName = ContactsList;
			productReference = FED5FE9C281867120073C991 /* ContactsList.app */;
			productType = "com.apple.product-type.application";
		};
/* End PBXNativeTarget section */

/* Begin PBXProject section */
		FED5FE94281867110073C991 /* Project object */ = {
			isa = PBXProject;
			attributes = {
				BuildIndependentTargetsInParallel = 1;
				LastSwiftUpdateCheck = 1320;
				LastUpgradeCheck = 1320;
				TargetAttributes = {
					FED5FE9B281867110073C991 = {
						CreatedOnToolsVersion = 13.2.1;
					};
				};
			};
			buildConfigurationList = FED5FE97281867110073C991 /* Build configuration list for PBXProject "ContactsList" */;
			compatibilityVersion = "Xcode 13.0";
			developmentRegion = en;
			hasScannedForEncodings = 0;
			knownRegions = (
				en,
				Base,
			);
			mainGroup = FED5FE93281867110073C991;
			productRefGroup = FED5FE9D281867120073C991 /* Products */;
			projectDirPath = "";
			projectRoot = "";
			targets = (
				FED5FE9B281867110073C991 /* ContactsList */,
			);
		};
/* End PBXProject section */

/* Begin PBXResourcesBuildPhase section */
		FED5FE9A281867110073C991 /* Resources */ = {
			isa = PBXResourcesBuildPhase;
			buildActionMask = 2147483647;
			files = (
				FED5FEAC281867130073C991 /* LaunchScreen.storyboard in Resources */,
				FED5FEA9281867130073C991 /* Assets.xcassets in Resources */,
				FED5FEA7281867120073C991 /* Main.storyboard in Resources */,
			);
			runOnlyForDeploymentPostprocessing = 0;
		};
/* End PBXResourcesBuildPhase section */

/* Begin PBXSourcesBuildPhase section */
		FED5FE98281867110073C991 /* Sources */ = {
			isa = PBXSourcesBuildPhase;
			buildActionMask = 2147483647;
			files = (
				FED5FEB4281869AA0073C991 /* Models.swift in Sources */,
				FED5FEA0281867120073C991 /* AppDelegate.swift in Sources */,
				FED5FEBF28187BC40073C991 /* ContactsTableViewController.swift in Sources */,
				FED5FEBB281871ED0073C991 /* ContactsListViewController.swift in Sources */,
				FED5FEC128187F040073C991 /* TabBarViewController.swift in Sources */,
				FED5FEBD281877BC0073C991 /* ContactInfoViewController.swift in Sources */,
				FED5FEA2281867120073C991 /* SceneDelegate.swift in Sources */,
			);
			runOnlyForDeploymentPostprocessing = 0;
		};
/* End PBXSourcesBuildPhase section */

/* Begin PBXVariantGroup section */
		FED5FEA5281867120073C991 /* Main.storyboard */ = {
			isa = PBXVariantGroup;
			children = (
				FED5FEA6281867120073C991 /* Base */,
			);
			name = Main.storyboard;
			sourceTree = "<group>";
		};
		FED5FEAA281867130073C991 /* LaunchScreen.storyboard */ = {
			isa = PBXVariantGroup;
			children = (
				FED5FEAB281867130073C991 /* Base */,
			);
			name = LaunchScreen.storyboard;
			sourceTree = "<group>";
		};
/* End PBXVariantGroup section */

/* Begin XCBuildConfiguration section */
		FED5FEAE281867130073C991 /* Debug */ = {
			isa = XCBuildConfiguration;
			buildSettings = {
				ALWAYS_SEARCH_USER_PATHS = NO;
				CLANG_ANALYZER_NONNULL = YES;
				CLANG_ANALYZER_NUMBER_OBJECT_CONVERSION = YES_AGGRESSIVE;
				CLANG_CXX_LANGUAGE_STANDARD = "gnu++17";
				CLANG_CXX_LIBRARY = "libc++";
				CLANG_ENABLE_MODULES = YES;
				CLANG_ENABLE_OBJC_ARC = YES;
				CLANG_ENABLE_OBJC_WEAK = YES;
				CLANG_WARN_BLOCK_CAPTURE_AUTORELEASING = YES;
				CLANG_WARN_BOOL_CONVERSION = YES;
				CLANG_WARN_COMMA = YES;
				CLANG_WARN_CONSTANT_CONVERSION = YES;
				CLANG_WARN_DEPRECATED_OBJC_IMPLEMENTATIONS = YES;
				CLANG_WARN_DIRECT_OBJC_ISA_USAGE = YES_ERROR;
				CLANG_WARN_DOCUMENTATION_COMMENTS = YES;
				CLANG_WARN_EMPTY_BODY = YES;
				CLANG_WARN_ENUM_CONVERSION = YES;
				CLANG_WARN_INFINITE_RECURSION = YES;
				CLANG_WARN_INT_CONVERSION = YES;
				CLANG_WARN_NON_LITERAL_NULL_CONVERSION = YES;
				CLANG_WARN_OBJC_IMPLICIT_RETAIN_SELF = YES;
				CLANG_WARN_OBJC_LITERAL_CONVERSION = YES;
				CLANG_WARN_OBJC_ROOT_CLASS = YES_ERROR;
				CLANG_WARN_QUOTED_INCLUDE_IN_FRAMEWORK_HEADER = YES;
				CLANG_WARN_RANGE_LOOP_ANALYSIS = YES;
				CLANG_WARN_STRICT_PROTOTYPES = YES;
				CLANG_WARN_SUSPICIOUS_MOVE = YES;
				CLANG_WARN_UNGUARDED_AVAILABILITY = YES_AGGRESSIVE;
				CLANG_WARN_UNREACHABLE_CODE = YES;
				CLANG_WARN__DUPLICATE_METHOD_MATCH = YES;
				COPY_PHASE_STRIP = NO;
				DEBUG_INFORMATION_FORMAT = dwarf;
				ENABLE_STRICT_OBJC_MSGSEND = YES;
				ENABLE_TESTABILITY = YES;
				GCC_C_LANGUAGE_STANDARD = gnu11;
				GCC_DYNAMIC_NO_PIC = NO;
				GCC_NO_COMMON_BLOCKS = YES;
				GCC_OPTIMIZATION_LEVEL = 0;
				GCC_PREPROCESSOR_DEFINITIONS = (
					"DEBUG=1",
					"$(inherited)",
				);
				GCC_WARN_64_TO_32_BIT_CONVERSION = YES;
				GCC_WARN_ABOUT_RETURN_TYPE = YES_ERROR;
				GCC_WARN_UNDECLARED_SELECTOR = YES;
				GCC_WARN_UNINITIALIZED_AUTOS = YES_AGGRESSIVE;
				GCC_WARN_UNUSED_FUNCTION = YES;
				GCC_WARN_UNUSED_VARIABLE = YES;
				IPHONEOS_DEPLOYMENT_TARGET = 15.2;
				MTL_ENABLE_DEBUG_INFO = INCLUDE_SOURCE;
				MTL_FAST_MATH = YES;
				ONLY_ACTIVE_ARCH = YES;
				SDKROOT = iphoneos;
				SWIFT_ACTIVE_COMPILATION_CONDITIONS = DEBUG;
				SWIFT_OPTIMIZATION_LEVEL = "-Onone";
			};
			name = Debug;
		};
		FED5FEAF281867130073C991 /* Release */ = {
			isa = XCBuildConfiguration;
			buildSettings = {
				ALWAYS_SEARCH_USER_PATHS = NO;
				CLANG_ANALYZER_NONNULL = YES;
				CLANG_ANALYZER_NUMBER_OBJECT_CONVERSION = YES_AGGRESSIVE;
				CLANG_CXX_LANGUAGE_STANDARD = "gnu++17";
				CLANG_CXX_LIBRARY = "libc++";
				CLANG_ENABLE_MODULES = YES;
				CLANG_ENABLE_OBJC_ARC = YES;
				CLANG_ENABLE_OBJC_WEAK = YES;
				CLANG_WARN_BLOCK_CAPTURE_AUTORELEASING = YES;
				CLANG_WARN_BOOL_CONVERSION = YES;
				CLANG_WARN_COMMA = YES;
				CLANG_WARN_CONSTANT_CONVERSION = YES;
				CLANG_WARN_DEPRECATED_OBJC_IMPLEMENTATIONS = YES;
				CLANG_WARN_DIRECT_OBJC_ISA_USAGE = YES_ERROR;
				CLANG_WARN_DOCUMENTATION_COMMENTS = YES;
				CLANG_WARN_EMPTY_BODY = YES;
				CLANG_WARN_ENUM_CONVERSION = YES;
				CLANG_WARN_INFINITE_RECURSION = YES;
				CLANG_WARN_INT_CONVERSION = YES;
				CLANG_WARN_NON_LITERAL_NULL_CONVERSION = YES;
				CLANG_WARN_OBJC_IMPLICIT_RETAIN_SELF = YES;
				CLANG_WARN_OBJC_LITERAL_CONVERSION = YES;
				CLANG_WARN_OBJC_ROOT_CLASS = YES_ERROR;
				CLANG_WARN_QUOTED_INCLUDE_IN_FRAMEWORK_HEADER = YES;
				CLANG_WARN_RANGE_LOOP_ANALYSIS = YES;
				CLANG_WARN_STRICT_PROTOTYPES = YES;
				CLANG_WARN_SUSPICIOUS_MOVE = YES;
				CLANG_WARN_UNGUARDED_AVAILABILITY = YES_AGGRESSIVE;
				CLANG_WARN_UNREACHABLE_CODE = YES;
				CLANG_WARN__DUPLICATE_METHOD_MATCH = YES;
				COPY_PHASE_STRIP = NO;
				DEBUG_INFORMATION_FORMAT = "dwarf-with-dsym";
				ENABLE_NS_ASSERTIONS = NO;
				ENABLE_STRICT_OBJC_MSGSEND = YES;
				GCC_C_LANGUAGE_STANDARD = gnu11;
				GCC_NO_COMMON_BLOCKS = YES;
				GCC_WARN_64_TO_32_BIT_CONVERSION = YES;
				GCC_WARN_ABOUT_RETURN_TYPE = YES_ERROR;
				GCC_WARN_UNDECLARED_SELECTOR = YES;
				GCC_WARN_UNINITIALIZED_AUTOS = YES_AGGRESSIVE;
				GCC_WARN_UNUSED_FUNCTION = YES;
				GCC_WARN_UNUSED_VARIABLE = YES;
				IPHONEOS_DEPLOYMENT_TARGET = 15.2;
				MTL_ENABLE_DEBUG_INFO = NO;
				MTL_FAST_MATH = YES;
				SDKROOT = iphoneos;
				SWIFT_COMPILATION_MODE = wholemodule;
				SWIFT_OPTIMIZATION_LEVEL = "-O";
				VALIDATE_PRODUCT = YES;
			};
			name = Release;
		};
		FED5FEB1281867130073C991 /* Debug */ = {
			isa = XCBuildConfiguration;
			buildSettings = {
				ASSETCATALOG_COMPILER_APPICON_NAME = AppIcon;
				ASSETCATALOG_COMPILER_GLOBAL_ACCENT_COLOR_NAME = AccentColor;
				CODE_SIGN_STYLE = Automatic;
				CURRENT_PROJECT_VERSION = 1;
				DEVELOPMENT_TEAM = UA9Q8RRP7P;
				GENERATE_INFOPLIST_FILE = YES;
				INFOPLIST_FILE = ContactsList/Info.plist;
				INFOPLIST_KEY_UIApplicationSupportsIndirectInputEvents = YES;
				INFOPLIST_KEY_UILaunchStoryboardName = LaunchScreen;
				INFOPLIST_KEY_UIMainStoryboardFile = Main;
				INFOPLIST_KEY_UISupportedInterfaceOrientations_iPad = "UIInterfaceOrientationPortrait UIInterfaceOrientationPortraitUpsideDown UIInterfaceOrientationLandscapeLeft UIInterfaceOrientationLandscapeRight";
				INFOPLIST_KEY_UISupportedInterfaceOrientations_iPhone = "UIInterfaceOrientationPortrait UIInterfaceOrientationLandscapeLeft UIInterfaceOrientationLandscapeRight";
				LD_RUNPATH_SEARCH_PATHS = (
					"$(inherited)",
					"@executable_path/Frameworks",
				);
				MARKETING_VERSION = 1.0;
				PRODUCT_BUNDLE_IDENTIFIER = BogdanovIA.ContactsList;
				PRODUCT_NAME = "$(TARGET_NAME)";
				SWIFT_EMIT_LOC_STRINGS = YES;
				SWIFT_VERSION = 5.0;
				TARGETED_DEVICE_FAMILY = "1,2";
			};
			name = Debug;
		};
		FED5FEB2281867130073C991 /* Release */ = {
			isa = XCBuildConfiguration;
			buildSettings = {
				ASSETCATALOG_COMPILER_APPICON_NAME = AppIcon;
				ASSETCATALOG_COMPILER_GLOBAL_ACCENT_COLOR_NAME = AccentColor;
				CODE_SIGN_STYLE = Automatic;
				CURRENT_PROJECT_VERSION = 1;
				DEVELOPMENT_TEAM = UA9Q8RRP7P;
				GENERATE_INFOPLIST_FILE = YES;
				INFOPLIST_FILE = ContactsList/Info.plist;
				INFOPLIST_KEY_UIApplicationSupportsIndirectInputEvents = YES;
				INFOPLIST_KEY_UILaunchStoryboardName = LaunchScreen;
				INFOPLIST_KEY_UIMainStoryboardFile = Main;
				INFOPLIST_KEY_UISupportedInterfaceOrientations_iPad = "UIInterfaceOrientationPortrait UIInterfaceOrientationPortraitUpsideDown UIInterfaceOrientationLandscapeLeft UIInterfaceOrientationLandscapeRight";
				INFOPLIST_KEY_UISupportedInterfaceOrientations_iPhone = "UIInterfaceOrientationPortrait UIInterfaceOrientationLandscapeLeft UIInterfaceOrientationLandscapeRight";
				LD_RUNPATH_SEARCH_PATHS = (
					"$(inherited)",
					"@executable_path/Frameworks",
				);
				MARKETING_VERSION = 1.0;
				PRODUCT_BUNDLE_IDENTIFIER = BogdanovIA.ContactsList;
				PRODUCT_NAME = "$(TARGET_NAME)";
				SWIFT_EMIT_LOC_STRINGS = YES;
				SWIFT_VERSION = 5.0;
				TARGETED_DEVICE_FAMILY = "1,2";
			};
			name = Release;
		};
/* End XCBuildConfiguration section */

/* Begin XCConfigurationList section */
		FED5FE97281867110073C991 /* Build configuration list for PBXProject "ContactsList" */ = {
			isa = XCConfigurationList;
			buildConfigurations = (
				FED5FEAE281867130073C991 /* Debug */,
				FED5FEAF281867130073C991 /* Release */,
			);
			defaultConfigurationIsVisible = 0;
			defaultConfigurationName = Release;
		};
		FED5FEB0281867130073C991 /* Build configuration list for PBXNativeTarget "ContactsList" */ = {
			isa = XCConfigurationList;
			buildConfigurations = (
				FED5FEB1281867130073C991 /* Debug */,
				FED5FEB2281867130073C991 /* Release */,
			);
			defaultConfigurationIsVisible = 0;
			defaultConfigurationName = Release;
		};
/* End XCConfigurationList section */
	};
	rootObject = FED5FE94281867110073C991 /* Project object */;
}
